{
  "name": "@random-tables/npc-fantasy",
  "version": "1.4.0",
  "lockfileVersion": 2,
  "requires": true,
  "packages": {
    "": {
      "name": "@random-tables/npc-fantasy",
      "version": "1.4.0",
      "license": "MIT",
      "dependencies": {
        "@random-tables/utility-names-fantasy": "1.3",
        "@random-tables/utility-npc": "1.4",
        "@random-tables/utility-npc-fantasy": "1.3",
        "@random-tables/utility-senses": "1.10"
      }
    },
    "node_modules/@random-tables/utility-names-fantasy": {
      "version": "1.3.1",
      "resolved": "https://registry.npmjs.org/@random-tables/utility-names-fantasy/-/utility-names-fantasy-1.3.1.tgz",
      "integrity": "sha512-jXUwRy2rHtGvVseDXTBdEd1Vj07qo+7fLgNH+/0I7uzSt5BBoDQcucDjlKx90NxqDXv7bdgObr/NssOjeuTPiA=="
    },
    "node_modules/@random-tables/utility-npc": {
      "version": "1.4.1",
      "resolved": "https://registry.npmjs.org/@random-tables/utility-npc/-/utility-npc-1.4.1.tgz",
      "integrity": "sha512-fYrfpQnowCNV3T/0eb54RiVzu4fQv1b+nmeLiUxE9CJGyYpHmlONFvFBSzgDhNDisHBJOK2aTF14mbMTuuMWgw=="
    },
    "node_modules/@random-tables/utility-npc-fantasy": {
      "version": "1.3.1",
      "resolved": "https://registry.npmjs.org/@random-tables/utility-npc-fantasy/-/utility-npc-fantasy-1.3.1.tgz",
      "integrity": "sha512-6xbCybX2HcVjNU/DOKnBvRsJd9EWzVzkJu0NBhYZwdZVAGd+smhZ0Hrv/O1ZtoUyXpxXxivOT671fD/Odog6WA=="
    },
    "node_modules/@random-tables/utility-senses": {
      "version": "1.10.3",
      "resolved": "https://registry.npmjs.org/@random-tables/utility-senses/-/utility-senses-1.10.3.tgz",
      "integrity": "sha512-QHmB49bhQN43YzwTBGrUCgExmmUrWGEG0OIOwoZuEZYKkeKEGnlbIPYWAoO4BT4iwcPG1XAtiDJRjqFoEpjC6w=="
    }
  },
  "dependencies": {
    "@random-tables/utility-names-fantasy": {
      "version": "1.3.1",
      "resolved": "https://registry.npmjs.org/@random-tables/utility-names-fantasy/-/utility-names-fantasy-1.3.1.tgz",
      "integrity": "sha512-jXUwRy2rHtGvVseDXTBdEd1Vj07qo+7fLgNH+/0I7uzSt5BBoDQcucDjlKx90NxqDXv7bdgObr/NssOjeuTPiA=="
    },
    "@random-tables/utility-npc": {
      "version": "1.4.1",
      "resolved": "https://registry.npmjs.org/@random-tables/utility-npc/-/utility-npc-1.4.1.tgz",
      "integrity": "sha512-fYrfpQnowCNV3T/0eb54RiVzu4fQv1b+nmeLiUxE9CJGyYpHmlONFvFBSzgDhNDisHBJOK2aTF14mbMTuuMWgw=="
    },
    "@random-tables/utility-npc-fantasy": {
      "version": "1.3.1",
      "resolved": "https://registry.npmjs.org/@random-tables/utility-npc-fantasy/-/utility-npc-fantasy-1.3.1.tgz",
      "integrity": "sha512-6xbCybX2HcVjNU/DOKnBvRsJd9EWzVzkJu0NBhYZwdZVAGd+smhZ0Hrv/O1ZtoUyXpxXxivOT671fD/Odog6WA=="
    },
    "@random-tables/utility-senses": {
      "version": "1.10.3",
      "resolved": "https://registry.npmjs.org/@random-tables/utility-senses/-/utility-senses-1.10.3.tgz",
      "integrity": "sha512-QHmB49bhQN43YzwTBGrUCgExmmUrWGEG0OIOwoZuEZYKkeKEGnlbIPYWAoO4BT4iwcPG1XAtiDJRjqFoEpjC6w=="
    }
  }
}
